
Microsoft Visual Studio Solution File, Format Version 12.00
# Visual Studio Version 17
VisualStudioVersion = 17.4.33103.184
MinimumVisualStudioVersion = 10.0.40219.1
Project("{FAE04EC0-301F-11D3-BF4B-00C04F79EFBC}") = "Decorator", "Decorator\Decorator.csproj", "{3D7660BA-B16C-4BF3-A48F-B0AFCE633575}"
EndProject
Global
	GlobalSection(SolutionConfigurationPlatforms) = preSolution
		Debug|Any CPU = Debug|Any CPU
		Release|Any CPU = Release|Any CPU
	EndGlobalSection
	GlobalSection(ProjectConfigurationPlatforms) = postSolution
		{3D7660BA-B16C-4BF3-A48F-B0AFCE633575}.Debug|Any CPU.ActiveCfg = Debug|Any CPU
		{3D7660BA-B16C-4BF3-A48F-B0AFCE633575}.Debug|Any CPU.Build.0 = Debug|Any CPU
		{3D7660BA-B16C-4BF3-A48F-B0AFCE633575}.Release|Any CPU.ActiveCfg = Release|Any CPU
		{3D7660BA-B16C-4BF3-A48F-B0AFCE633575}.Release|Any CPU.Build.0 = Release|Any CPU
	EndGlobalSection
	GlobalSection(SolutionProperties) = preSolution
		HideSolutionNode = FALSE
	EndGlobalSection
	GlobalSection(ExtensibilityGlobals) = postSolution
		SolutionGuid = {CD86F42B-C098-4A02-9486-EA4C490D8334}
	EndGlobalSection
EndGlobal
