
Microsoft Visual Studio Solution File, Format Version 12.00
# Visual Studio Version 17
VisualStudioVersion = 17.4.33103.184
MinimumVisualStudioVersion = 10.0.40219.1
Project("{FAE04EC0-301F-11D3-BF4B-00C04F79EFBC}") = "Command", "Command\Command.csproj", "{1AF229CA-3A38-45C2-8134-AE61752A0144}"
EndProject
Global
	GlobalSection(SolutionConfigurationPlatforms) = preSolution
		Debug|Any CPU = Debug|Any CPU
		Release|Any CPU = Release|Any CPU
	EndGlobalSection
	GlobalSection(ProjectConfigurationPlatforms) = postSolution
		{1AF229CA-3A38-45C2-8134-AE61752A0144}.Debug|Any CPU.ActiveCfg = Debug|Any CPU
		{1AF229CA-3A38-45C2-8134-AE61752A0144}.Debug|Any CPU.Build.0 = Debug|Any CPU
		{1AF229CA-3A38-45C2-8134-AE61752A0144}.Release|Any CPU.ActiveCfg = Release|Any CPU
		{1AF229CA-3A38-45C2-8134-AE61752A0144}.Release|Any CPU.Build.0 = Release|Any CPU
	EndGlobalSection
	GlobalSection(SolutionProperties) = preSolution
		HideSolutionNode = FALSE
	EndGlobalSection
	GlobalSection(ExtensibilityGlobals) = postSolution
		SolutionGuid = {51CA4B3F-046F-4A06-876A-311ADDA2453C}
	EndGlobalSection
EndGlobal
