
Microsoft Visual Studio Solution File, Format Version 12.00
# Visual Studio Version 17
VisualStudioVersion = 17.4.33103.184
MinimumVisualStudioVersion = 10.0.40219.1
Project("{FAE04EC0-301F-11D3-BF4B-00C04F79EFBC}") = "Singleton", "Singleton\Singleton.csproj", "{0F5CF930-8518-4AA9-92F6-38620714E8BF}"
EndProject
Global
	GlobalSection(SolutionConfigurationPlatforms) = preSolution
		Debug|Any CPU = Debug|Any CPU
		Release|Any CPU = Release|Any CPU
	EndGlobalSection
	GlobalSection(ProjectConfigurationPlatforms) = postSolution
		{0F5CF930-8518-4AA9-92F6-38620714E8BF}.Debug|Any CPU.ActiveCfg = Debug|Any CPU
		{0F5CF930-8518-4AA9-92F6-38620714E8BF}.Debug|Any CPU.Build.0 = Debug|Any CPU
		{0F5CF930-8518-4AA9-92F6-38620714E8BF}.Release|Any CPU.ActiveCfg = Release|Any CPU
		{0F5CF930-8518-4AA9-92F6-38620714E8BF}.Release|Any CPU.Build.0 = Release|Any CPU
	EndGlobalSection
	GlobalSection(SolutionProperties) = preSolution
		HideSolutionNode = FALSE
	EndGlobalSection
	GlobalSection(ExtensibilityGlobals) = postSolution
		SolutionGuid = {74640B2D-F065-4FF8-9979-3E3850F5122E}
	EndGlobalSection
EndGlobal
