
Microsoft Visual Studio Solution File, Format Version 12.00
# Visual Studio Version 17
VisualStudioVersion = 17.4.33103.184
MinimumVisualStudioVersion = 10.0.40219.1
Project("{FAE04EC0-301F-11D3-BF4B-00C04F79EFBC}") = "Bridge", "Bridge\Bridge.csproj", "{326072D0-440A-4FD7-816E-73B2441DDC4E}"
EndProject
Global
	GlobalSection(SolutionConfigurationPlatforms) = preSolution
		Debug|Any CPU = Debug|Any CPU
		Release|Any CPU = Release|Any CPU
	EndGlobalSection
	GlobalSection(ProjectConfigurationPlatforms) = postSolution
		{326072D0-440A-4FD7-816E-73B2441DDC4E}.Debug|Any CPU.ActiveCfg = Debug|Any CPU
		{326072D0-440A-4FD7-816E-73B2441DDC4E}.Debug|Any CPU.Build.0 = Debug|Any CPU
		{326072D0-440A-4FD7-816E-73B2441DDC4E}.Release|Any CPU.ActiveCfg = Release|Any CPU
		{326072D0-440A-4FD7-816E-73B2441DDC4E}.Release|Any CPU.Build.0 = Release|Any CPU
	EndGlobalSection
	GlobalSection(SolutionProperties) = preSolution
		HideSolutionNode = FALSE
	EndGlobalSection
	GlobalSection(ExtensibilityGlobals) = postSolution
		SolutionGuid = {813E0B51-1F56-4236-A26E-C128029A4D83}
	EndGlobalSection
EndGlobal
