
Microsoft Visual Studio Solution File, Format Version 12.00
# Visual Studio Version 17
VisualStudioVersion = 17.4.33103.184
MinimumVisualStudioVersion = 10.0.40219.1
Project("{FAE04EC0-301F-11D3-BF4B-00C04F79EFBC}") = "Mediator", "Mediator\Mediator.csproj", "{00753558-9BD5-41D6-920E-B0F584E6F290}"
EndProject
Global
	GlobalSection(SolutionConfigurationPlatforms) = preSolution
		Debug|Any CPU = Debug|Any CPU
		Release|Any CPU = Release|Any CPU
	EndGlobalSection
	GlobalSection(ProjectConfigurationPlatforms) = postSolution
		{00753558-9BD5-41D6-920E-B0F584E6F290}.Debug|Any CPU.ActiveCfg = Debug|Any CPU
		{00753558-9BD5-41D6-920E-B0F584E6F290}.Debug|Any CPU.Build.0 = Debug|Any CPU
		{00753558-9BD5-41D6-920E-B0F584E6F290}.Release|Any CPU.ActiveCfg = Release|Any CPU
		{00753558-9BD5-41D6-920E-B0F584E6F290}.Release|Any CPU.Build.0 = Release|Any CPU
	EndGlobalSection
	GlobalSection(SolutionProperties) = preSolution
		HideSolutionNode = FALSE
	EndGlobalSection
	GlobalSection(ExtensibilityGlobals) = postSolution
		SolutionGuid = {6D35DF4A-50CB-42BA-8CB3-BD33692CA2CA}
	EndGlobalSection
EndGlobal
